
Microsoft Visual Studio Solution File, Format Version 12.00
# Visual Studio 15
VisualStudioVersion = 15.0.27004.2002
MinimumVisualStudioVersion = 10.0.40219.1
Project("{FAE04EC0-301F-11D3-BF4B-00C04F79EFBC}") = "ShoppingCart.BLL", "ShoppingCart.BLL\ShoppingCart.BLL.csproj", "{9C1CCB18-E2C7-4B31-ABB5-7D3938CD7C49}"
EndProject
Project("{FAE04EC0-301F-11D3-BF4B-00C04F79EFBC}") = "ShoppingCart.DAL", "ShoppingCart.DAL\ShoppingCart.DAL.csproj", "{37822757-B299-4FB7-9CC0-220A0F3A274A}"
EndProject
Project("{FAE04EC0-301F-11D3-BF4B-00C04F79EFBC}") = "ShoppingCart.Tests", "ShoppingCart.Tests\ShoppingCart.Tests.csproj", "{A5BEFD93-7831-4D85-86B4-D099FDEAC5F2}"
EndProject
Project("{FAE04EC0-301F-11D3-BF4B-00C04F79EFBC}") = "ShoppingCart.Models", "ShoppingCart.Models\ShoppingCart.Models.csproj", "{8B8F58E0-1E06-4735-8073-381DFF2944C9}"
EndProject
Global
	GlobalSection(SolutionConfigurationPlatforms) = preSolution
		Debug|Any CPU = Debug|Any CPU
		Release|Any CPU = Release|Any CPU
	EndGlobalSection
	GlobalSection(ProjectConfigurationPlatforms) = postSolution
		{9C1CCB18-E2C7-4B31-ABB5-7D3938CD7C49}.Debug|Any CPU.ActiveCfg = Debug|Any CPU
		{9C1CCB18-E2C7-4B31-ABB5-7D3938CD7C49}.Debug|Any CPU.Build.0 = Debug|Any CPU
		{9C1CCB18-E2C7-4B31-ABB5-7D3938CD7C49}.Release|Any CPU.ActiveCfg = Release|Any CPU
		{9C1CCB18-E2C7-4B31-ABB5-7D3938CD7C49}.Release|Any CPU.Build.0 = Release|Any CPU
		{37822757-B299-4FB7-9CC0-220A0F3A274A}.Debug|Any CPU.ActiveCfg = Debug|Any CPU
		{37822757-B299-4FB7-9CC0-220A0F3A274A}.Debug|Any CPU.Build.0 = Debug|Any CPU
		{37822757-B299-4FB7-9CC0-220A0F3A274A}.Release|Any CPU.ActiveCfg = Release|Any CPU
		{37822757-B299-4FB7-9CC0-220A0F3A274A}.Release|Any CPU.Build.0 = Release|Any CPU
		{A5BEFD93-7831-4D85-86B4-D099FDEAC5F2}.Debug|Any CPU.ActiveCfg = Debug|Any CPU
		{A5BEFD93-7831-4D85-86B4-D099FDEAC5F2}.Debug|Any CPU.Build.0 = Debug|Any CPU
		{A5BEFD93-7831-4D85-86B4-D099FDEAC5F2}.Release|Any CPU.ActiveCfg = Release|Any CPU
		{A5BEFD93-7831-4D85-86B4-D099FDEAC5F2}.Release|Any CPU.Build.0 = Release|Any CPU
		{8B8F58E0-1E06-4735-8073-381DFF2944C9}.Debug|Any CPU.ActiveCfg = Debug|Any CPU
		{8B8F58E0-1E06-4735-8073-381DFF2944C9}.Debug|Any CPU.Build.0 = Debug|Any CPU
		{8B8F58E0-1E06-4735-8073-381DFF2944C9}.Release|Any CPU.ActiveCfg = Release|Any CPU
		{8B8F58E0-1E06-4735-8073-381DFF2944C9}.Release|Any CPU.Build.0 = Release|Any CPU
	EndGlobalSection
	GlobalSection(SolutionProperties) = preSolution
		HideSolutionNode = FALSE
	EndGlobalSection
	GlobalSection(ExtensibilityGlobals) = postSolution
		SolutionGuid = {44814013-4572-44FE-A7B5-FDB4484652E3}
	EndGlobalSection
EndGlobal
